dependencies:
- name: minio
  repository: https://charts.bitnami.com/bitnami
  version: 17.0.9
- name: omop-lite
  repository: file://omop-lite
  version: 0.1.0
- name: postgresql
  repository: https://charts.bitnami.com/bitnami
  version: 16.7.15
- name: api
  repository: file://api
  version: 0.1.0
- name: airflow
  repository: file://airflow
  version: 0.1.0
- name: frontend
  repository: file://frontend
  version: 0.1.0
digest: sha256:249623156633b5f9d74b57f5d1b8130bda448d06d66056d911ac8a9104ca76ab
generated: "2025-07-02T15:41:41.117414+01:00"
